# This file is automatically @generated by Poetry 1.8.5 and should not be changed by hand.

[[package]]
name = "setuptools"
version = "74.1.3"
description = "Easily download, build, install, upgrade, and uninstall Python packages"
optional = false
python-versions = ">=3.8"
files = [
    {file = "setuptools-74.1.3-py3-none-any.whl", hash = "sha256:1cfd66bfcf197bce344da024c8f5b35acc4dcb7ca5202246a75296b4883f6851"},
    {file = "setuptools-74.1.3.tar.gz", hash = "sha256:fbb126f14b0b9ffa54c4574a50ae60673bbe8ae0b1645889d10b3b14f5891d28"},
]

[package.extras]
check = ["pytest-checkdocs (>=2.4)", "pytest-ruff (>=0.2.1)", "ruff (>=0.5.2)"]
core = ["importlib-metadata (>=6)", "importlib-resources (>=5.10.2)", "jaraco.text (>=3.7)", "more-itertools (>=8.8)", "packaging (>=24)", "platformdirs (>=2.6.2)", "tomli (>=2.0.1)", "wheel (>=0.43.0)"]
cover = ["pytest-cov"]
doc = ["furo", "jaraco.packaging (>=9.3)", "jaraco.tidelift (>=1.4)", "pygments-github-lexers (==0.0.5)", "pyproject-hooks (!=1.1)", "rst.linker (>=1.9)", "sphinx (>=3.5)", "sphinx-favicon", "sphinx-inline-tabs", "sphinx-lint", "sphinx-notfound-page (>=1,<2)", "sphinx-reredirects", "sphinxcontrib-towncrier", "towncrier (<24.7)"]
enabler = ["pytest-enabler (>=2.2)"]
test = ["build[virtualenv] (>=1.0.3)", "filelock (>=3.4.0)", "ini2toml[lite] (>=0.14)", "jaraco.develop (>=7.21)", "jaraco.envs (>=2.2)", "jaraco.path (>=3.2.0)", "jaraco.test", "packaging (>=23.2)", "pip (>=19.1)", "pyproject-hooks (!=1.1)", "pytest (>=6,!=8.1.*)", "pytest-home (>=0.5)", "pytest-perf", "pytest-subprocess", "pytest-timeout", "pytest-xdist (>=3)", "tomli-w (>=1.0.0)", "virtualenv (>=13.0.0)", "wheel (>=0.44.0)"]
type = ["importlib-metadata (>=7.0.2)", "jaraco.develop (>=7.21)", "mypy (==1.11.*)", "pytest-mypy"]

[package.source]
type = "legacy"
url = "https://pypiserver.shipay.com.br"
reference = "shipay-pypiserver-external"

[[package]]
name = "xlrd"
version = "1.0.0"
description = "Library for developers to extract data from Microsoft Excel (tm) spreadsheet files"
optional = false
python-versions = "*"
files = [
    {file = "xlrd-1.0.0-py3-none-any.whl", hash = "sha256:05f55eb39a68f1c3d336de186aeb90c98ea5add722813738d8ae8b97819c5924"},
    {file = "xlrd-1.0.0.tar.gz", hash = "sha256:0ff87dd5d50425084f7219cb6f86bb3eb5aa29063f53d50bf270ed007e941069"},
]

[package.source]
type = "legacy"
url = "https://pypiserver.shipay.com.br"
reference = "shipay-pypiserver-external"

[metadata]
lock-version = "2.0"
python-versions = "^3.11"
content-hash = "4e0c4227d7df3a72c4e9c51ff77989fca3f17c4e9420278ae9c55ec345c2d5d0"
